
Microsoft Visual Studio Solution File, Format Version 12.00
Project("{FAE04EC0-301F-11D3-BF4B-00C04F79EFBC}") = "HW_001.Web", "HW_001.Web\HW_001.Web.csproj", "{7A58BF5C-FCC9-49B8-8139-858AEEFC8C6C}"
EndProject
Global
	GlobalSection(SolutionConfigurationPlatforms) = preSolution
		Debug|Any CPU = Debug|Any CPU
		Release|Any CPU = Release|Any CPU
	EndGlobalSection
	GlobalSection(ProjectConfigurationPlatforms) = postSolution
		{7A58BF5C-FCC9-49B8-8139-858AEEFC8C6C}.Debug|Any CPU.ActiveCfg = Debug|Any CPU
		{7A58BF5C-FCC9-49B8-8139-858AEEFC8C6C}.Debug|Any CPU.Build.0 = Debug|Any CPU
		{7A58BF5C-FCC9-49B8-8139-858AEEFC8C6C}.Release|Any CPU.ActiveCfg = Release|Any CPU
		{7A58BF5C-FCC9-49B8-8139-858AEEFC8C6C}.Release|Any CPU.Build.0 = Release|Any CPU
	EndGlobalSection
EndGlobal
